
Microsoft Visual Studio Solution File, Format Version 12.00
# Visual Studio 14
VisualStudioVersion = 14.0.25420.1
MinimumVisualStudioVersion = 10.0.40219.1
Project("{8BC9CEB8-8B4A-11D0-8D11-00A0C91BC942}") = "juno", "juno\juno.vcxproj", "{8DF17305-24E8-446A-A1ED-0AAA01C3C43D}"
EndProject
Project("{8BC9CEB8-8B4A-11D0-8D11-00A0C91BC942}") = "picohttpparser", "third_party\picohttpparser\picohttpparser.vcxproj", "{BFBC2B65-BC8C-4C05-B6EA-A4FA571D7F09}"
EndProject
Project("{8BC9CEB8-8B4A-11D0-8D11-00A0C91BC942}") = "google-url", "third_party\google-url\google-url.vcxproj", "{91887F13-BACA-45FE-BE93-6098B768685B}"
EndProject
Project("{8BC9CEB8-8B4A-11D0-8D11-00A0C91BC942}") = "libchromium", "third_party\libchromium\libchromium.vcxproj", "{1829AF5E-EBFB-461D-A756-C84D6EAD19A5}"
EndProject
Global
	GlobalSection(SolutionConfigurationPlatforms) = preSolution
		Debug|x64 = Debug|x64
		Debug|x86 = Debug|x86
		Release|x64 = Release|x64
		Release|x86 = Release|x86
	EndGlobalSection
	GlobalSection(ProjectConfigurationPlatforms) = postSolution
		{8DF17305-24E8-446A-A1ED-0AAA01C3C43D}.Debug|x64.ActiveCfg = Debug|x64
		{8DF17305-24E8-446A-A1ED-0AAA01C3C43D}.Debug|x64.Build.0 = Debug|x64
		{8DF17305-24E8-446A-A1ED-0AAA01C3C43D}.Debug|x86.ActiveCfg = Debug|Win32
		{8DF17305-24E8-446A-A1ED-0AAA01C3C43D}.Debug|x86.Build.0 = Debug|Win32
		{8DF17305-24E8-446A-A1ED-0AAA01C3C43D}.Release|x64.ActiveCfg = Release|x64
		{8DF17305-24E8-446A-A1ED-0AAA01C3C43D}.Release|x64.Build.0 = Release|x64
		{8DF17305-24E8-446A-A1ED-0AAA01C3C43D}.Release|x86.ActiveCfg = Release|Win32
		{8DF17305-24E8-446A-A1ED-0AAA01C3C43D}.Release|x86.Build.0 = Release|Win32
		{BFBC2B65-BC8C-4C05-B6EA-A4FA571D7F09}.Debug|x64.ActiveCfg = Debug|x64
		{BFBC2B65-BC8C-4C05-B6EA-A4FA571D7F09}.Debug|x64.Build.0 = Debug|x64
		{BFBC2B65-BC8C-4C05-B6EA-A4FA571D7F09}.Debug|x86.ActiveCfg = Debug|Win32
		{BFBC2B65-BC8C-4C05-B6EA-A4FA571D7F09}.Debug|x86.Build.0 = Debug|Win32
		{BFBC2B65-BC8C-4C05-B6EA-A4FA571D7F09}.Release|x64.ActiveCfg = Release|x64
		{BFBC2B65-BC8C-4C05-B6EA-A4FA571D7F09}.Release|x64.Build.0 = Release|x64
		{BFBC2B65-BC8C-4C05-B6EA-A4FA571D7F09}.Release|x86.ActiveCfg = Release|Win32
		{BFBC2B65-BC8C-4C05-B6EA-A4FA571D7F09}.Release|x86.Build.0 = Release|Win32
		{91887F13-BACA-45FE-BE93-6098B768685B}.Debug|x64.ActiveCfg = Debug|x64
		{91887F13-BACA-45FE-BE93-6098B768685B}.Debug|x64.Build.0 = Debug|x64
		{91887F13-BACA-45FE-BE93-6098B768685B}.Debug|x86.ActiveCfg = Debug|Win32
		{91887F13-BACA-45FE-BE93-6098B768685B}.Debug|x86.Build.0 = Debug|Win32
		{91887F13-BACA-45FE-BE93-6098B768685B}.Release|x64.ActiveCfg = Release|x64
		{91887F13-BACA-45FE-BE93-6098B768685B}.Release|x64.Build.0 = Release|x64
		{91887F13-BACA-45FE-BE93-6098B768685B}.Release|x86.ActiveCfg = Release|Win32
		{91887F13-BACA-45FE-BE93-6098B768685B}.Release|x86.Build.0 = Release|Win32
		{1829AF5E-EBFB-461D-A756-C84D6EAD19A5}.Debug|x64.ActiveCfg = Debug|x64
		{1829AF5E-EBFB-461D-A756-C84D6EAD19A5}.Debug|x64.Build.0 = Debug|x64
		{1829AF5E-EBFB-461D-A756-C84D6EAD19A5}.Debug|x86.ActiveCfg = Debug|Win32
		{1829AF5E-EBFB-461D-A756-C84D6EAD19A5}.Debug|x86.Build.0 = Debug|Win32
		{1829AF5E-EBFB-461D-A756-C84D6EAD19A5}.Release|x64.ActiveCfg = Release|x64
		{1829AF5E-EBFB-461D-A756-C84D6EAD19A5}.Release|x64.Build.0 = Release|x64
		{1829AF5E-EBFB-461D-A756-C84D6EAD19A5}.Release|x86.ActiveCfg = Release|Win32
		{1829AF5E-EBFB-461D-A756-C84D6EAD19A5}.Release|x86.Build.0 = Release|Win32
	EndGlobalSection
	GlobalSection(SolutionProperties) = preSolution
		HideSolutionNode = FALSE
	EndGlobalSection
EndGlobal
